
Microsoft Visual Studio Solution File, Format Version 12.00
# Visual Studio 15
VisualStudioVersion = 15.0.28307.645
MinimumVisualStudioVersion = 10.0.40219.1
Project("{FAE04EC0-301F-11D3-BF4B-00C04F79EFBC}") = "RepoLab2", "RepoLab2\RepoLab2.csproj", "{AF0018F0-5DDD-4F25-97AF-8532F79E37E9}"
EndProject
Global
	GlobalSection(SolutionConfigurationPlatforms) = preSolution
		Debug|Any CPU = Debug|Any CPU
		Release|Any CPU = Release|Any CPU
	EndGlobalSection
	GlobalSection(ProjectConfigurationPlatforms) = postSolution
		{AF0018F0-5DDD-4F25-97AF-8532F79E37E9}.Debug|Any CPU.ActiveCfg = Debug|Any CPU
		{AF0018F0-5DDD-4F25-97AF-8532F79E37E9}.Debug|Any CPU.Build.0 = Debug|Any CPU
		{AF0018F0-5DDD-4F25-97AF-8532F79E37E9}.Release|Any CPU.ActiveCfg = Release|Any CPU
		{AF0018F0-5DDD-4F25-97AF-8532F79E37E9}.Release|Any CPU.Build.0 = Release|Any CPU
	EndGlobalSection
	GlobalSection(SolutionProperties) = preSolution
		HideSolutionNode = FALSE
	EndGlobalSection
	GlobalSection(ExtensibilityGlobals) = postSolution
		SolutionGuid = {E656949D-C40D-4679-939C-2597B66A876D}
	EndGlobalSection
EndGlobal
